
Microsoft Visual Studio Solution File, Format Version 12.00
# Visual Studio Version 16
VisualStudioVersion = 16.0.31025.194
MinimumVisualStudioVersion = 10.0.40219.1
Project("{FAE04EC0-301F-11D3-BF4B-00C04F79EFBC}") = "SIPEntegration", "SIPEntegration\SIPEntegration.csproj", "{F00E2D8C-C938-4B8A-AB2D-9374829C8F4A}"
EndProject
Project("{FAE04EC0-301F-11D3-BF4B-00C04F79EFBC}") = "UDPTest", "UDPTest\UDPTest.csproj", "{75B3312B-C9EF-4627-8644-DDAE492B1B11}"
EndProject
Global
	GlobalSection(SolutionConfigurationPlatforms) = preSolution
		Debug|Any CPU = Debug|Any CPU
		Debug|x64 = Debug|x64
		Release|Any CPU = Release|Any CPU
		Release|x64 = Release|x64
	EndGlobalSection
	GlobalSection(ProjectConfigurationPlatforms) = postSolution
		{F00E2D8C-C938-4B8A-AB2D-9374829C8F4A}.Debug|Any CPU.ActiveCfg = Debug|Any CPU
		{F00E2D8C-C938-4B8A-AB2D-9374829C8F4A}.Debug|Any CPU.Build.0 = Debug|Any CPU
		{F00E2D8C-C938-4B8A-AB2D-9374829C8F4A}.Debug|x64.ActiveCfg = Debug|x64
		{F00E2D8C-C938-4B8A-AB2D-9374829C8F4A}.Debug|x64.Build.0 = Debug|x64
		{F00E2D8C-C938-4B8A-AB2D-9374829C8F4A}.Release|Any CPU.ActiveCfg = Release|Any CPU
		{F00E2D8C-C938-4B8A-AB2D-9374829C8F4A}.Release|Any CPU.Build.0 = Release|Any CPU
		{F00E2D8C-C938-4B8A-AB2D-9374829C8F4A}.Release|x64.ActiveCfg = Release|x64
		{F00E2D8C-C938-4B8A-AB2D-9374829C8F4A}.Release|x64.Build.0 = Release|x64
		{75B3312B-C9EF-4627-8644-DDAE492B1B11}.Debug|Any CPU.ActiveCfg = Debug|Any CPU
		{75B3312B-C9EF-4627-8644-DDAE492B1B11}.Debug|Any CPU.Build.0 = Debug|Any CPU
		{75B3312B-C9EF-4627-8644-DDAE492B1B11}.Debug|x64.ActiveCfg = Debug|x64
		{75B3312B-C9EF-4627-8644-DDAE492B1B11}.Debug|x64.Build.0 = Debug|x64
		{75B3312B-C9EF-4627-8644-DDAE492B1B11}.Release|Any CPU.ActiveCfg = Release|Any CPU
		{75B3312B-C9EF-4627-8644-DDAE492B1B11}.Release|Any CPU.Build.0 = Release|Any CPU
		{75B3312B-C9EF-4627-8644-DDAE492B1B11}.Release|x64.ActiveCfg = Release|x64
		{75B3312B-C9EF-4627-8644-DDAE492B1B11}.Release|x64.Build.0 = Release|x64
	EndGlobalSection
	GlobalSection(SolutionProperties) = preSolution
		HideSolutionNode = FALSE
	EndGlobalSection
	GlobalSection(ExtensibilityGlobals) = postSolution
		SolutionGuid = {6BB96D64-AE8A-4DEB-B267-E8C867508366}
	EndGlobalSection
EndGlobal
